PODS:
  - Alamofire (3.1.2)
  - CryptoSwift (0.0.14)
  - ExpSwift (0.0.1):
    - Alamofire (= 3.1.2)
    - JSONWebToken (= 1.4.1)
    - PromiseKit (= 3.0.0)
    - Socket.IO-Client-Swift (= 4.1.2)
  - JSONWebToken (1.4.1):
    - CryptoSwift (= 0.0.14)
  - OMGHTTPURLRQ (3.0.2):
    - OMGHTTPURLRQ/RQ (= 3.0.2)
  - OMGHTTPURLRQ/FormURLEncode (3.0.2)
  - OMGHTTPURLRQ/RQ (3.0.2):
    - OMGHTTPURLRQ/FormURLEncode
    - OMGHTTPURLRQ/UserAgent
  - OMGHTTPURLRQ/UserAgent (3.0.2)
  - PromiseKit (3.0.0):
    - PromiseKit/Foundation (= 3.0.0)
    - PromiseKit/QuartzCore (= 3.0.0)
    - PromiseKit/UIKit (= 3.0.0)
  - PromiseKit/CorePromise (3.0.0)
  - PromiseKit/Foundation (3.0.0):
    - OMGHTTPURLRQ (~> 3.0.0)
    - PromiseKit/CorePromise
  - PromiseKit/QuartzCore (3.0.0):
    - PromiseKit/CorePromise
  - PromiseKit/UIKit (3.0.0):
    - PromiseKit/CorePromise
  - Socket.IO-Client-Swift (4.1.2)

DEPENDENCIES:
  - ExpSwift (from `../`)

EXTERNAL SOURCES:
  ExpSwift:
    :path: ../

SPEC CHECKSUMS:
  Alamofire: 7c16ca65f3c7e681fd925fd7f2dec7747ff96855
  CryptoSwift: 5a6b725e2ad65a789f5f435dd434d38eb2c40b46
  ExpSwift: bc7c9a58d18f1312dedc11f9bb1b5d20e6f89323
  JSONWebToken: cf8b58850dc4cf38ce777a08753a2ea1620d960e
  OMGHTTPURLRQ: 8376dc887d76a5a7e2a67881dc788f917a2f437c
  PromiseKit: 665540a1eb43156446872dcf49ed7dee6ebbe13b
  Socket.IO-Client-Swift: e9e173cf20d6fa33c1c1c4f6354c7b168259eeb6

COCOAPODS: 0.39.0.beta.3
